// !$*UTF8*$!
{
	archiveVersion = 1;
	classes = {
	};
	objectVersion = 46;
	objects = {

/* Begin PBXBuildFile section */
		E09690D71BF73BFD00B2E571 /* MainTableViewController.m in Sources */ = {isa = PBXBuildFile; fileRef = E09690D61BF73BFD00B2E571 /* MainTableViewController.m */; };
		E09690DA1BF7433C00B2E571 /* DetailMapViewController.m in Sources */ = {isa = PBXBuildFile; fileRef = E09690D91BF7433C00B2E571 /* DetailMapViewController.m */; };
		E09690DE1BF752CC00B2E571 /* APIManager.m in Sources */ = {isa = PBXBuildFile; fileRef = E09690DD1BF752CC00B2E571 /* APIManager.m */; };
		E09690E31BF781B400B2E571 /* RideMapLocation.m in Sources */ = {isa = PBXBuildFile; fileRef = E09690E21BF781B400B2E571 /* RideMapLocation.m */; };
		E09690E51BF7D8C600B2E571 /* MapKit.framework in Frameworks */ = {isa = PBXBuildFile; fileRef = E09690E41BF7D8C600B2E571 /* MapKit.framework */; };
		E09690E71BF7D8D300B2E571 /* CoreMotion.framework in Frameworks */ = {isa = PBXBuildFile; fileRef = E09690E61BF7D8D300B2E571 /* CoreMotion.framework */; };
		E09690E91BF7D8DD00B2E571 /* CoreLocation.framework in Frameworks */ = {isa = PBXBuildFile; fileRef = E09690E81BF7D8DD00B2E571 /* CoreLocation.framework */; };
		E09690EB1BF7D8E400B2E571 /* UIKit.framework in Frameworks */ = {isa = PBXBuildFile; fileRef = E09690EA1BF7D8E400B2E571 /* UIKit.framework */; };
		E09690EF1BF7D8FA00B2E571 /* Foundation.framework in Frameworks */ = {isa = PBXBuildFile; fileRef = E09690EE1BF7D8FA00B2E571 /* Foundation.framework */; };
		E0C582681BF7318C0040DBC9 /* main.m in Sources */ = {isa = PBXBuildFile; fileRef = E0C582671BF7318C0040DBC9 /* main.m */; };
		E0C5826B1BF7318C0040DBC9 /* AppDelegate.m in Sources */ = {isa = PBXBuildFile; fileRef = E0C5826A1BF7318C0040DBC9 /* AppDelegate.m */; };
		E0C582711BF7318C0040DBC9 /* Main.storyboard in Resources */ = {isa = PBXBuildFile; fileRef = E0C5826F1BF7318C0040DBC9 /* Main.storyboard */; };
		E0C582731BF7318C0040DBC9 /* Assets.xcassets in Resources */ = {isa = PBXBuildFile; fileRef = E0C582721BF7318C0040DBC9 /* Assets.xcassets */; };
		E0C582761BF7318C0040DBC9 /* LaunchScreen.storyboard in Resources */ = {isa = PBXBuildFile; fileRef = E0C582741BF7318C0040DBC9 /* LaunchScreen.storyboard */; };
		E0C582811BF7318C0040DBC9 /* ProjectRossTests.m in Sources */ = {isa = PBXBuildFile; fileRef = E0C582801BF7318C0040DBC9 /* ProjectRossTests.m */; };
		E0C5828C1BF7318C0040DBC9 /* ProjectRossUITests.m in Sources */ = {isa = PBXBuildFile; fileRef = E0C5828B1BF7318C0040DBC9 /* ProjectRossUITests.m */; };
		F114E7DD6D0C511357DA9CE4 /* libPods.a in Frameworks */ = {isa = PBXBuildFile; fileRef = BAA84CADC7AD4CDA52AEC6E6 /* libPods.a */; };
/* End PBXBuildFile section */

/* Begin PBXContainerItemProxy section */
		E0C5827D1BF7318C0040DBC9 /* PBXContainerItemProxy */ = {
			isa = PBXContainerItemProxy;
			containerPortal = E0C5825B1BF7318C0040DBC9 /* Project object */;
			proxyType = 1;
			remoteGlobalIDString = E0C582621BF7318C0040DBC9;
			remoteInfo = ProjectRoss;
		};
		E0C582881BF7318C0040DBC9 /* PBXContainerItemProxy */ = {
			isa = PBXContainerItemProxy;
			containerPortal = E0C5825B1BF7318C0040DBC9 /* Project object */;
			proxyType = 1;
			remoteGlobalIDString = E0C582621BF7318C0040DBC9;
			remoteInfo = ProjectRoss;
		};
/* End PBXContainerItemProxy section */

/* Begin PBXFileReference section */
		61CF9F151C5287A5F56DAC51 /* Pods.release.xcconfig */ = {isa = PBXFileReference; includeInIndex = 1; lastKnownFileType = text.xcconfig; name = Pods.release.xcconfig; path = "Pods/Target Support Files/Pods/Pods.release.xcconfig"; sourceTree = "<group>"; };
		BAA84CADC7AD4CDA52AEC6E6 /* libPods.a */ = {isa = PBXFileReference; explicitFileType = archive.ar; includeInIndex = 0; path = libPods.a; sourceTree = BUILT_PRODUCTS_DIR; };
		C1E6F1B811864535A17327A1 /* Pods.debug.xcconfig */ = {isa = PBXFileReference; includeInIndex = 1; lastKnownFileType = text.xcconfig; name = Pods.debug.xcconfig; path = "Pods/Target Support Files/Pods/Pods.debug.xcconfig"; sourceTree = "<group>"; };
		E09690D51BF73BFD00B2E571 /* MainTableViewController.h */ = {isa = PBXFileReference; fileEncoding = 4; lastKnownFileType = sourcecode.c.h; path = MainTableViewController.h; sourceTree = "<group>"; };
		E09690D61BF73BFD00B2E571 /* MainTableViewController.m */ = {isa = PBXFileReference; fileEncoding = 4; lastKnownFileType = sourcecode.c.objc; path = MainTableViewController.m; sourceTree = "<group>"; };
		E09690D81BF7433C00B2E571 /* DetailMapViewController.h */ = {isa = PBXFileReference; fileEncoding = 4; lastKnownFileType = sourcecode.c.h; path = DetailMapViewController.h; sourceTree = "<group>"; };
		E09690D91BF7433C00B2E571 /* DetailMapViewController.m */ = {isa = PBXFileReference; fileEncoding = 4; lastKnownFileType = sourcecode.c.objc; path = DetailMapViewController.m; sourceTree = "<group>"; };
		E09690DC1BF752CC00B2E571 /* APIManager.h */ = {isa = PBXFileReference; fileEncoding = 4; lastKnownFileType = sourcecode.c.h; path = APIManager.h; sourceTree = "<group>"; };
		E09690DD1BF752CC00B2E571 /* APIManager.m */ = {isa = PBXFileReference; fileEncoding = 4; lastKnownFileType = sourcecode.c.objc; path = APIManager.m; sourceTree = "<group>"; };
		E09690E11BF781B400B2E571 /* RideMapLocation.h */ = {isa = PBXFileReference; fileEncoding = 4; lastKnownFileType = sourcecode.c.h; path = RideMapLocation.h; sourceTree = "<group>"; };
		E09690E21BF781B400B2E571 /* RideMapLocation.m */ = {isa = PBXFileReference; fileEncoding = 4; lastKnownFileType = sourcecode.c.objc; path = RideMapLocation.m; sourceTree = "<group>"; };
		E09690E41BF7D8C600B2E571 /* MapKit.framework */ = {isa = PBXFileReference; lastKnownFileType = wrapper.framework; name = MapKit.framework; path = System/Library/Frameworks/MapKit.framework; sourceTree = SDKROOT; };
		E09690E61BF7D8D300B2E571 /* CoreMotion.framework */ = {isa = PBXFileReference; lastKnownFileType = wrapper.framework; name = CoreMotion.framework; path = System/Library/Frameworks/CoreMotion.framework; sourceTree = SDKROOT; };
		E09690E81BF7D8DD00B2E571 /* CoreLocation.framework */ = {isa = PBXFileReference; lastKnownFileType = wrapper.framework; name = CoreLocation.framework; path = System/Library/Frameworks/CoreLocation.framework; sourceTree = SDKROOT; };
		E09690EA1BF7D8E400B2E571 /* UIKit.framework */ = {isa = PBXFileReference; lastKnownFileType = wrapper.framework; name = UIKit.framework; path = System/Library/Frameworks/UIKit.framework; sourceTree = SDKROOT; };
		E09690EC1BF7D8EE00B2E571 /* AVFoundation.framework */ = {isa = PBXFileReference; lastKnownFileType = wrapper.framework; name = AVFoundation.framework; path = System/Library/Frameworks/AVFoundation.framework; sourceTree = SDKROOT; };
		E09690EE1BF7D8FA00B2E571 /* Foundation.framework */ = {isa = PBXFileReference; lastKnownFileType = wrapper.framework; name = Foundation.framework; path = System/Library/Frameworks/Foundation.framework; sourceTree = SDKROOT; };
		E0C582631BF7318C0040DBC9 /* ProjectRoss.app */ = {isa = PBXFileReference; explicitFileType = wrapper.application; includeInIndex = 0; path = ProjectRoss.app; sourceTree = BUILT_PRODUCTS_DIR; };
		E0C582671BF7318C0040DBC9 /* main.m */ = {isa = PBXFileReference; lastKnownFileType = sourcecode.c.objc; path = main.m; sourceTree = "<group>"; };
		E0C582691BF7318C0040DBC9 /* AppDelegate.h */ = {isa = PBXFileReference; lastKnownFileType = sourcecode.c.h; path = AppDelegate.h; sourceTree = "<group>"; };
		E0C5826A1BF7318C0040DBC9 /* AppDelegate.m */ = {isa = PBXFileReference; lastKnownFileType = sourcecode.c.objc; path = AppDelegate.m; sourceTree = "<group>"; };
		E0C582701BF7318C0040DBC9 /* Base */ = {isa = PBXFileReference; lastKnownFileType = file.storyboard; name = Base; path = Base.lproj/Main.storyboard; sourceTree = "<group>"; };
		E0C582721BF7318C0040DBC9 /* Assets.xcassets */ = {isa = PBXFileReference; lastKnownFileType = folder.assetcatalog; path = Assets.xcassets; sourceTree = "<group>"; };
		E0C582751BF7318C0040DBC9 /* Base */ = {isa = PBXFileReference; lastKnownFileType = file.storyboard; name = Base; path = Base.lproj/LaunchScreen.storyboard; sourceTree = "<group>"; };
		E0C582771BF7318C0040DBC9 /* Info.plist */ = {isa = PBXFileReference; lastKnownFileType = text.plist.xml; path = Info.plist; sourceTree = "<group>"; };
		E0C5827C1BF7318C0040DBC9 /* ProjectRossTests.xctest */ = {isa = PBXFileReference; explicitFileType = wrapper.cfbundle; includeInIndex = 0; path = ProjectRossTests.xctest; sourceTree = BUILT_PRODUCTS_DIR; };
		E0C582801BF7318C0040DBC9 /* ProjectRossTests.m */ = {isa = PBXFileReference; lastKnownFileType = sourcecode.c.objc; path = ProjectRossTests.m; sourceTree = "<group>"; };
		E0C582821BF7318C0040DBC9 /* Info.plist */ = {isa = PBXFileReference; lastKnownFileType = text.plist.xml; path = Info.plist; sourceTree = "<group>"; };
		E0C582871BF7318C0040DBC9 /* ProjectRossUITests.xctest */ = {isa = PBXFileReference; explicitFileType = wrapper.cfbundle; includeInIndex = 0; path = ProjectRossUITests.xctest; sourceTree = BUILT_PRODUCTS_DIR; };
		E0C5828B1BF7318C0040DBC9 /* ProjectRossUITests.m */ = {isa = PBXFileReference; lastKnownFileType = sourcecode.c.objc; path = ProjectRossUITests.m; sourceTree = "<group>"; };
		E0C5828D1BF7318C0040DBC9 /* Info.plist */ = {isa = PBXFileReference; lastKnownFileType = text.plist.xml; path = Info.plist; sourceTree = "<group>"; };
/* End PBXFileReference section */

/* Begin PBXFrameworksBuildPhase section */
		E0C582601BF7318C0040DBC9 /* Frameworks */ = {
			isa = PBXFrameworksBuildPhase;
			buildActionMask = 2147483647;
			files = (
				E09690EF1BF7D8FA00B2E571 /* Foundation.framework in Frameworks */,
				E09690EB1BF7D8E400B2E571 /* UIKit.framework in Frameworks */,
				E09690E91BF7D8DD00B2E571 /* CoreLocation.framework in Frameworks */,
				E09690E71BF7D8D300B2E571 /* CoreMotion.framework in Frameworks */,
				E09690E51BF7D8C600B2E571 /* MapKit.framework in Frameworks */,
				F114E7DD6D0C511357DA9CE4 /* libPods.a in Frameworks */,
			);
			runOnlyForDeploymentPostprocessing = 0;
		};
		E0C582791BF7318C0040DBC9 /* Frameworks */ = {
			isa = PBXFrameworksBuildPhase;
			buildActionMask = 2147483647;
			files = (
			);
			runOnlyForDeploymentPostprocessing = 0;
		};
		E0C582841BF7318C0040DBC9 /* Frameworks */ = {
			isa = PBXFrameworksBuildPhase;
			buildActionMask = 2147483647;
			files = (
			);
			runOnlyForDeploymentPostprocessing = 0;
		};
/* End PBXFrameworksBuildPhase section */

/* Begin PBXGroup section */
		B067F6C632E192450E27333B /* Frameworks */ = {
			isa = PBXGroup;
			children = (
				E09690EE1BF7D8FA00B2E571 /* Foundation.framework */,
				E09690EC1BF7D8EE00B2E571 /* AVFoundation.framework */,
				E09690EA1BF7D8E400B2E571 /* UIKit.framework */,
				E09690E81BF7D8DD00B2E571 /* CoreLocation.framework */,
				E09690E61BF7D8D300B2E571 /* CoreMotion.framework */,
				E09690E41BF7D8C600B2E571 /* MapKit.framework */,
				BAA84CADC7AD4CDA52AEC6E6 /* libPods.a */,
			);
			name = Frameworks;
			sourceTree = "<group>";
		};
		C167EFB734F12FA3F03C3D1B /* Pods */ = {
			isa = PBXGroup;
			children = (
				C1E6F1B811864535A17327A1 /* Pods.debug.xcconfig */,
				61CF9F151C5287A5F56DAC51 /* Pods.release.xcconfig */,
			);
			name = Pods;
			sourceTree = "<group>";
		};
		E09690DB1BF7527700B2E571 /* WebService */ = {
			isa = PBXGroup;
			children = (
				E09690DC1BF752CC00B2E571 /* APIManager.h */,
				E09690DD1BF752CC00B2E571 /* APIManager.m */,
			);
			path = WebService;
			sourceTree = "<group>";
		};
		E09690DF1BF752EF00B2E571 /* ViewControllers */ = {
			isa = PBXGroup;
			children = (
				E09690D51BF73BFD00B2E571 /* MainTableViewController.h */,
				E09690D61BF73BFD00B2E571 /* MainTableViewController.m */,
				E09690D81BF7433C00B2E571 /* DetailMapViewController.h */,
				E09690D91BF7433C00B2E571 /* DetailMapViewController.m */,
				E0C5826F1BF7318C0040DBC9 /* Main.storyboard */,
			);
			path = ViewControllers;
			sourceTree = "<group>";
		};
		E09690E01BF7816D00B2E571 /* Models */ = {
			isa = PBXGroup;
			children = (
				E09690E11BF781B400B2E571 /* RideMapLocation.h */,
				E09690E21BF781B400B2E571 /* RideMapLocation.m */,
			);
			path = Models;
			sourceTree = "<group>";
		};
		E0C5825A1BF7318C0040DBC9 = {
			isa = PBXGroup;
			children = (
				E0C582651BF7318C0040DBC9 /* ProjectRoss */,
				E0C5827F1BF7318C0040DBC9 /* ProjectRossTests */,
				E0C5828A1BF7318C0040DBC9 /* ProjectRossUITests */,
				E0C582641BF7318C0040DBC9 /* Products */,
				C167EFB734F12FA3F03C3D1B /* Pods */,
				B067F6C632E192450E27333B /* Frameworks */,
			);
			sourceTree = "<group>";
		};
		E0C582641BF7318C0040DBC9 /* Products */ = {
			isa = PBXGroup;
			children = (
				E0C582631BF7318C0040DBC9 /* ProjectRoss.app */,
				E0C5827C1BF7318C0040DBC9 /* ProjectRossTests.xctest */,
				E0C582871BF7318C0040DBC9 /* ProjectRossUITests.xctest */,
			);
			name = Products;
			sourceTree = "<group>";
		};
		E0C582651BF7318C0040DBC9 /* ProjectRoss */ = {
			isa = PBXGroup;
			children = (
				E09690DF1BF752EF00B2E571 /* ViewControllers */,
				E09690E01BF7816D00B2E571 /* Models */,
				E09690DB1BF7527700B2E571 /* WebService */,
				E0C582721BF7318C0040DBC9 /* Assets.xcassets */,
				E0C582691BF7318C0040DBC9 /* AppDelegate.h */,
				E0C5826A1BF7318C0040DBC9 /* AppDelegate.m */,
				E0C582741BF7318C0040DBC9 /* LaunchScreen.storyboard */,
				E0C582771BF7318C0040DBC9 /* Info.plist */,
				E0C582661BF7318C0040DBC9 /* Supporting Files */,
			);
			path = ProjectRoss;
			sourceTree = "<group>";
		};
		E0C582661BF7318C0040DBC9 /* Supporting Files */ = {
			isa = PBXGroup;
			children = (
				E0C582671BF7318C0040DBC9 /* main.m */,
			);
			name = "Supporting Files";
			sourceTree = "<group>";
		};
		E0C5827F1BF7318C0040DBC9 /* ProjectRossTests */ = {
			isa = PBXGroup;
			children = (
				E0C582801BF7318C0040DBC9 /* ProjectRossTests.m */,
				E0C582821BF7318C0040DBC9 /* Info.plist */,
			);
			path = ProjectRossTests;
			sourceTree = "<group>";
		};
		E0C5828A1BF7318C0040DBC9 /* ProjectRossUITests */ = {
			isa = PBXGroup;
			children = (
				E0C5828B1BF7318C0040DBC9 /* ProjectRossUITests.m */,
				E0C5828D1BF7318C0040DBC9 /* Info.plist */,
			);
			path = ProjectRossUITests;
			sourceTree = "<group>";
		};
/* End PBXGroup section */

/* Begin PBXNativeTarget section */
		E0C582621BF7318C0040DBC9 /* ProjectRoss */ = {
			isa = PBXNativeTarget;
			buildConfigurationList = E0C582901BF7318C0040DBC9 /* Build configuration list for PBXNativeTarget "ProjectRoss" */;
			buildPhases = (
				7D30409DFFB7DE269AF7FD1A /* Check Pods Manifest.lock */,
				E0C5825F1BF7318C0040DBC9 /* Sources */,
				E0C582601BF7318C0040DBC9 /* Frameworks */,
				E0C582611BF7318C0040DBC9 /* Resources */,
				C3ACFBEA9F9CCB4A765AA2A1 /* Embed Pods Frameworks */,
				D743BB0A169C77AB06DDF28E /* Copy Pods Resources */,
			);
			buildRules = (
			);
			dependencies = (
			);
			name = ProjectRoss;
			productName = ProjectRoss;
			productReference = E0C582631BF7318C0040DBC9 /* ProjectRoss.app */;
			productType = "com.apple.product-type.application";
		};
		E0C5827B1BF7318C0040DBC9 /* ProjectRossTests */ = {
			isa = PBXNativeTarget;
			buildConfigurationList = E0C582931BF7318C0040DBC9 /* Build configuration list for PBXNativeTarget "ProjectRossTests" */;
			buildPhases = (
				E0C582781BF7318C0040DBC9 /* Sources */,
				E0C582791BF7318C0040DBC9 /* Frameworks */,
				E0C5827A1BF7318C0040DBC9 /* Resources */,
			);
			buildRules = (
			);
			dependencies = (
				E0C5827E1BF7318C0040DBC9 /* PBXTargetDependency */,
			);
			name = ProjectRossTests;
			productName = ProjectRossTests;
			productReference = E0C5827C1BF7318C0040DBC9 /* ProjectRossTests.xctest */;
			productType = "com.apple.product-type.bundle.unit-test";
		};
		E0C582861BF7318C0040DBC9 /* ProjectRossUITests */ = {
			isa = PBXNativeTarget;
			buildConfigurationList = E0C582961BF7318C0040DBC9 /* Build configuration list for PBXNativeTarget "ProjectRossUITests" */;
			buildPhases = (
				E0C582831BF7318C0040DBC9 /* Sources */,
				E0C582841BF7318C0040DBC9 /* Frameworks */,
				E0C582851BF7318C0040DBC9 /* Resources */,
			);
			buildRules = (
			);
			dependencies = (
				E0C582891BF7318C0040DBC9 /* PBXTargetDependency */,
			);
			name = ProjectRossUITests;
			productName = ProjectRossUITests;
			productReference = E0C582871BF7318C0040DBC9 /* ProjectRossUITests.xctest */;
			productType = "com.apple.product-type.bundle.ui-testing";
		};
/* End PBXNativeTarget section */

/* Begin PBXProject section */
		E0C5825B1BF7318C0040DBC9 /* Project object */ = {
			isa = PBXProject;
			attributes = {
				LastUpgradeCheck = 0710;
				ORGANIZATIONNAME = Gravatron;
				TargetAttributes = {
					E0C582621BF7318C0040DBC9 = {
						CreatedOnToolsVersion = 7.1;
					};
					E0C5827B1BF7318C0040DBC9 = {
						CreatedOnToolsVersion = 7.1;
						TestTargetID = E0C582621BF7318C0040DBC9;
					};
					E0C582861BF7318C0040DBC9 = {
						CreatedOnToolsVersion = 7.1;
						TestTargetID = E0C582621BF7318C0040DBC9;
					};
				};
			};
			buildConfigurationList = E0C5825E1BF7318C0040DBC9 /* Build configuration list for PBXProject "ProjectRoss" */;
			compatibilityVersion = "Xcode 3.2";
			developmentRegion = English;
			hasScannedForEncodings = 0;
			knownRegions = (
				en,
				Base,
			);
			mainGroup = E0C5825A1BF7318C0040DBC9;
			productRefGroup = E0C582641BF7318C0040DBC9 /* Products */;
			projectDirPath = "";
			projectRoot = "";
			targets = (
				E0C582621BF7318C0040DBC9 /* ProjectRoss */,
				E0C5827B1BF7318C0040DBC9 /* ProjectRossTests */,
				E0C582861BF7318C0040DBC9 /* ProjectRossUITests */,
			);
		};
/* End PBXProject section */

/* Begin PBXResourcesBuildPhase section */
		E0C582611BF7318C0040DBC9 /* Resources */ = {
			isa = PBXResourcesBuildPhase;
			buildActionMask = 2147483647;
			files = (
				E0C582761BF7318C0040DBC9 /* LaunchScreen.storyboard in Resources */,
				E0C582731BF7318C0040DBC9 /* Assets.xcassets in Resources */,
				E0C582711BF7318C0040DBC9 /* Main.storyboard in Resources */,
			);
			runOnlyForDeploymentPostprocessing = 0;
		};
		E0C5827A1BF7318C0040DBC9 /* Resources */ = {
			isa = PBXResourcesBuildPhase;
			buildActionMask = 2147483647;
			files = (
			);
			runOnlyForDeploymentPostprocessing = 0;
		};
		E0C582851BF7318C0040DBC9 /* Resources */ = {
			isa = PBXResourcesBuildPhase;
			buildActionMask = 2147483647;
			files = (
			);
			runOnlyForDeploymentPostprocessing = 0;
		};
/* End PBXResourcesBuildPhase section */

/* Begin PBXShellScriptBuildPhase section */
		7D30409DFFB7DE269AF7FD1A /* Check Pods Manifest.lock */ = {
			isa = PBXShellScriptBuildPhase;
			buildActionMask = 2147483647;
			files = (
			);
			inputPaths = (
			);
			name = "Check Pods Manifest.lock";
			outputPaths = (
			);
			runOnlyForDeploymentPostprocessing = 0;
			shellPath = /bin/sh;
			shellScript = "diff \"${PODS_ROOT}/../Podfile.lock\" \"${PODS_ROOT}/Manifest.lock\" > /dev/null\nif [[ $? != 0 ]] ; then\n    cat << EOM\nerror: The sandbox is not in sync with the Podfile.lock. Run 'pod install' or update your CocoaPods installation.\nEOM\n    exit 1\nfi\n";
			showEnvVarsInLog = 0;
		};
		C3ACFBEA9F9CCB4A765AA2A1 /* Embed Pods Frameworks */ = {
			isa = PBXShellScriptBuildPhase;
			buildActionMask = 2147483647;
			files = (
			);
			inputPaths = (
			);
			name = "Embed Pods Frameworks";
			outputPaths = (
			);
			runOnlyForDeploymentPostprocessing = 0;
			shellPath = /bin/sh;
			shellScript = "\"${SRCROOT}/Pods/Target Support Files/Pods/Pods-frameworks.sh\"\n";
			showEnvVarsInLog = 0;
		};
		D743BB0A169C77AB06DDF28E /* Copy Pods Resources */ = {
			isa = PBXShellScriptBuildPhase;
			buildActionMask = 2147483647;
			files = (
			);
			inputPaths = (
			);
			name = "Copy Pods Resources";
			outputPaths = (
			);
			runOnlyForDeploymentPostprocessing = 0;
			shellPath = /bin/sh;
			shellScript = "\"${SRCROOT}/Pods/Target Support Files/Pods/Pods-resources.sh\"\n";
			showEnvVarsInLog = 0;
		};
/* End PBXShellScriptBuildPhase section */

/* Begin PBXSourcesBuildPhase section */
		E0C5825F1BF7318C0040DBC9 /* Sources */ = {
			isa = PBXSourcesBuildPhase;
			buildActionMask = 2147483647;
			files = (
				E09690DA1BF7433C00B2E571 /* DetailMapViewController.m in Sources */,
				E09690D71BF73BFD00B2E571 /* MainTableViewController.m in Sources */,
				E0C5826B1BF7318C0040DBC9 /* AppDelegate.m in Sources */,
				E09690E31BF781B400B2E571 /* RideMapLocation.m in Sources */,
				E0C582681BF7318C0040DBC9 /* main.m in Sources */,
				E09690DE1BF752CC00B2E571 /* APIManager.m in Sources */,
			);
			runOnlyForDeploymentPostprocessing = 0;
		};
		E0C582781BF7318C0040DBC9 /* Sources */ = {
			isa = PBXSourcesBuildPhase;
			buildActionMask = 2147483647;
			files = (
				E0C582811BF7318C0040DBC9 /* ProjectRossTests.m in Sources */,
			);
			runOnlyForDeploymentPostprocessing = 0;
		};
		E0C582831BF7318C0040DBC9 /* Sources */ = {
			isa = PBXSourcesBuildPhase;
			buildActionMask = 2147483647;
			files = (
				E0C5828C1BF7318C0040DBC9 /* ProjectRossUITests.m in Sources */,
			);
			runOnlyForDeploymentPostprocessing = 0;
		};
/* End PBXSourcesBuildPhase section */

/* Begin PBXTargetDependency section */
		E0C5827E1BF7318C0040DBC9 /* PBXTargetDependency */ = {
			isa = PBXTargetDependency;
			target = E0C582621BF7318C0040DBC9 /* ProjectRoss */;
			targetProxy = E0C5827D1BF7318C0040DBC9 /* PBXContainerItemProxy */;
		};
		E0C582891BF7318C0040DBC9 /* PBXTargetDependency */ = {
			isa = PBXTargetDependency;
			target = E0C582621BF7318C0040DBC9 /* ProjectRoss */;
			targetProxy = E0C582881BF7318C0040DBC9 /* PBXContainerItemProxy */;
		};
/* End PBXTargetDependency section */

/* Begin PBXVariantGroup section */
		E0C5826F1BF7318C0040DBC9 /* Main.storyboard */ = {
			isa = PBXVariantGroup;
			children = (
				E0C582701BF7318C0040DBC9 /* Base */,
			);
			name = Main.storyboard;
			path = ..;
			sourceTree = "<group>";
		};
		E0C582741BF7318C0040DBC9 /* LaunchScreen.storyboard */ = {
			isa = PBXVariantGroup;
			children = (
				E0C582751BF7318C0040DBC9 /* Base */,
			);
			name = LaunchScreen.storyboard;
			sourceTree = "<group>";
		};
/* End PBXVariantGroup section */

/* Begin XCBuildConfiguration section */
		E0C5828E1BF7318C0040DBC9 /* Debug */ = {
			isa = XCBuildConfiguration;
			buildSettings = {
				ALWAYS_SEARCH_USER_PATHS = NO;
				CLANG_CXX_LANGUAGE_STANDARD = "gnu++0x";
				CLANG_CXX_LIBRARY = "libc++";
				CLANG_ENABLE_MODULES = YES;
				CLANG_ENABLE_OBJC_ARC = YES;
				CLANG_WARN_BOOL_CONVERSION = YES;
				CLANG_WARN_CONSTANT_CONVERSION = YES;
				CLANG_WARN_DIRECT_OBJC_ISA_USAGE = YES_ERROR;
				CLANG_WARN_EMPTY_BODY = YES;
				CLANG_WARN_ENUM_CONVERSION = YES;
				CLANG_WARN_INT_CONVERSION = YES;
				CLANG_WARN_OBJC_ROOT_CLASS = YES_ERROR;
				CLANG_WARN_UNREACHABLE_CODE = YES;
				CLANG_WARN__DUPLICATE_METHOD_MATCH = YES;
				"CODE_SIGN_IDENTITY[sdk=iphoneos*]" = "iPhone Developer";
				COPY_PHASE_STRIP = NO;
				DEBUG_INFORMATION_FORMAT = dwarf;
				ENABLE_STRICT_OBJC_MSGSEND = YES;
				ENABLE_TESTABILITY = YES;
				GCC_C_LANGUAGE_STANDARD = gnu99;
				GCC_DYNAMIC_NO_PIC = NO;
				GCC_NO_COMMON_BLOCKS = YES;
				GCC_OPTIMIZATION_LEVEL = 0;
				GCC_PREPROCESSOR_DEFINITIONS = (
					"DEBUG=1",
					"$(inherited)",
				);
				GCC_WARN_64_TO_32_BIT_CONVERSION = YES;
				GCC_WARN_ABOUT_RETURN_TYPE = YES_ERROR;
				GCC_WARN_UNDECLARED_SELECTOR = YES;
				GCC_WARN_UNINITIALIZED_AUTOS = YES_AGGRESSIVE;
				GCC_WARN_UNUSED_FUNCTION = YES;
				GCC_WARN_UNUSED_VARIABLE = YES;
				IPHONEOS_DEPLOYMENT_TARGET = 9.1;
				MTL_ENABLE_DEBUG_INFO = YES;
				ONLY_ACTIVE_ARCH = YES;
				SDKROOT = iphoneos;
			};
			name = Debug;
		};
		E0C5828F1BF7318C0040DBC9 /* Release */ = {
			isa = XCBuildConfiguration;
			buildSettings = {
				ALWAYS_SEARCH_USER_PATHS = NO;
				CLANG_CXX_LANGUAGE_STANDARD = "gnu++0x";
				CLANG_CXX_LIBRARY = "libc++";
				CLANG_ENABLE_MODULES = YES;
				CLANG_ENABLE_OBJC_ARC = YES;
				CLANG_WARN_BOOL_CONVERSION = YES;
				CLANG_WARN_CONSTANT_CONVERSION = YES;
				CLANG_WARN_DIRECT_OBJC_ISA_USAGE = YES_ERROR;
				CLANG_WARN_EMPTY_BODY = YES;
				CLANG_WARN_ENUM_CONVERSION = YES;
				CLANG_WARN_INT_CONVERSION = YES;
				CLANG_WARN_OBJC_ROOT_CLASS = YES_ERROR;
				CLANG_WARN_UNREACHABLE_CODE = YES;
				CLANG_WARN__DUPLICATE_METHOD_MATCH = YES;
				"CODE_SIGN_IDENTITY[sdk=iphoneos*]" = "iPhone Developer";
				COPY_PHASE_STRIP = NO;
				DEBUG_INFORMATION_FORMAT = "dwarf-with-dsym";
				ENABLE_NS_ASSERTIONS = NO;
				ENABLE_STRICT_OBJC_MSGSEND = YES;
				GCC_C_LANGUAGE_STANDARD = gnu99;
				GCC_NO_COMMON_BLOCKS = YES;
				GCC_WARN_64_TO_32_BIT_CONVERSION = YES;
				GCC_WARN_ABOUT_RETURN_TYPE = YES_ERROR;
				GCC_WARN_UNDECLARED_SELECTOR = YES;
				GCC_WARN_UNINITIALIZED_AUTOS = YES_AGGRESSIVE;
				GCC_WARN_UNUSED_FUNCTION = YES;
				GCC_WARN_UNUSED_VARIABLE = YES;
				IPHONEOS_DEPLOYMENT_TARGET = 9.1;
				MTL_ENABLE_DEBUG_INFO = NO;
				SDKROOT = iphoneos;
				VALIDATE_PRODUCT = YES;
			};
			name = Release;
		};
		E0C582911BF7318C0040DBC9 /* Debug */ = {
			isa = XCBuildConfiguration;
			baseConfigurationReference = C1E6F1B811864535A17327A1 /* Pods.debug.xcconfig */;
			buildSettings = {
				ASSETCATALOG_COMPILER_APPICON_NAME = AppIcon;
				INFOPLIST_FILE = ProjectRoss/Info.plist;
				IPHONEOS_DEPLOYMENT_TARGET = 8.0;
				LD_RUNPATH_SEARCH_PATHS = "$(inherited) @executable_path/Frameworks";
				PRODUCT_BUNDLE_IDENTIFIER = com.Gravatron.ProjectRoss;
				PRODUCT_NAME = "$(TARGET_NAME)";
			};
			name = Debug;
		};
		E0C582921BF7318C0040DBC9 /* Release */ = {
			isa = XCBuildConfiguration;
			baseConfigurationReference = 61CF9F151C5287A5F56DAC51 /* Pods.release.xcconfig */;
			buildSettings = {
				ASSETCATALOG_COMPILER_APPICON_NAME = AppIcon;
				INFOPLIST_FILE = ProjectRoss/Info.plist;
				IPHONEOS_DEPLOYMENT_TARGET = 8.0;
				LD_RUNPATH_SEARCH_PATHS = "$(inherited) @executable_path/Frameworks";
				PRODUCT_BUNDLE_IDENTIFIER = com.Gravatron.ProjectRoss;
				PRODUCT_NAME = "$(TARGET_NAME)";
			};
			name = Release;
		};
		E0C582941BF7318C0040DBC9 /* Debug */ = {
			isa = XCBuildConfiguration;
			buildSettings = {
				BUNDLE_LOADER = "$(TEST_HOST)";
				INFOPLIST_FILE = ProjectRossTests/Info.plist;
				LD_RUNPATH_SEARCH_PATHS = "$(inherited) @executable_path/Frameworks @loader_path/Frameworks";
				PRODUCT_BUNDLE_IDENTIFIER = com.Gravatron.ProjectRossTests;
				PRODUCT_NAME = "$(TARGET_NAME)";
				TEST_HOST = "$(BUILT_PRODUCTS_DIR)/ProjectRoss.app/ProjectRoss";
			};
			name = Debug;
		};
		E0C582951BF7318C0040DBC9 /* Release */ = {
			isa = XCBuildConfiguration;
			buildSettings = {
				BUNDLE_LOADER = "$(TEST_HOST)";
				INFOPLIST_FILE = ProjectRossTests/Info.plist;
				LD_RUNPATH_SEARCH_PATHS = "$(inherited) @executable_path/Frameworks @loader_path/Frameworks";
				PRODUCT_BUNDLE_IDENTIFIER = com.Gravatron.ProjectRossTests;
				PRODUCT_NAME = "$(TARGET_NAME)";
				TEST_HOST = "$(BUILT_PRODUCTS_DIR)/ProjectRoss.app/ProjectRoss";
			};
			name = Release;
		};
		E0C582971BF7318C0040DBC9 /* Debug */ = {
			isa = XCBuildConfiguration;
			buildSettings = {
				INFOPLIST_FILE = ProjectRossUITests/Info.plist;
				LD_RUNPATH_SEARCH_PATHS = "$(inherited) @executable_path/Frameworks @loader_path/Frameworks";
				PRODUCT_BUNDLE_IDENTIFIER = com.Gravatron.ProjectRossUITests;
				PRODUCT_NAME = "$(TARGET_NAME)";
				TEST_TARGET_NAME = ProjectRoss;
				USES_XCTRUNNER = YES;
			};
			name = Debug;
		};
		E0C582981BF7318C0040DBC9 /* Release */ = {
			isa = XCBuildConfiguration;
			buildSettings = {
				INFOPLIST_FILE = ProjectRossUITests/Info.plist;
				LD_RUNPATH_SEARCH_PATHS = "$(inherited) @executable_path/Frameworks @loader_path/Frameworks";
				PRODUCT_BUNDLE_IDENTIFIER = com.Gravatron.ProjectRossUITests;
				PRODUCT_NAME = "$(TARGET_NAME)";
				TEST_TARGET_NAME = ProjectRoss;
				USES_XCTRUNNER = YES;
			};
			name = Release;
		};
/* End XCBuildConfiguration section */

/* Begin XCConfigurationList section */
		E0C5825E1BF7318C0040DBC9 /* Build configuration list for PBXProject "ProjectRoss" */ = {
			isa = XCConfigurationList;
			buildConfigurations = (
				E0C5828E1BF7318C0040DBC9 /* Debug */,
				E0C5828F1BF7318C0040DBC9 /* Release */,
			);
			defaultConfigurationIsVisible = 0;
			defaultConfigurationName = Release;
		};
		E0C582901BF7318C0040DBC9 /* Build configuration list for PBXNativeTarget "ProjectRoss" */ = {
			isa = XCConfigurationList;
			buildConfigurations = (
				E0C582911BF7318C0040DBC9 /* Debug */,
				E0C582921BF7318C0040DBC9 /* Release */,
			);
			defaultConfigurationIsVisible = 0;
			defaultConfigurationName = Release;
		};
		E0C582931BF7318C0040DBC9 /* Build configuration list for PBXNativeTarget "ProjectRossTests" */ = {
			isa = XCConfigurationList;
			buildConfigurations = (
				E0C582941BF7318C0040DBC9 /* Debug */,
				E0C582951BF7318C0040DBC9 /* Release */,
			);
			defaultConfigurationIsVisible = 0;
			defaultConfigurationName = Release;
		};
		E0C582961BF7318C0040DBC9 /* Build configuration list for PBXNativeTarget "ProjectRossUITests" */ = {
			isa = XCConfigurationList;
			buildConfigurations = (
				E0C582971BF7318C0040DBC9 /* Debug */,
				E0C582981BF7318C0040DBC9 /* Release */,
			);
			defaultConfigurationIsVisible = 0;
			defaultConfigurationName = Release;
		};
/* End XCConfigurationList section */
	};
	rootObject = E0C5825B1BF7318C0040DBC9 /* Project object */;
}
